
Microsoft Visual Studio Solution File, Format Version 12.00
# Visual Studio Version 16
VisualStudioVersion = 16.0.32901.82
MinimumVisualStudioVersion = 10.0.40219.1
Project("{FAE04EC0-301F-11D3-BF4B-00C04F79EFBC}") = "pPzpz1p1", "pPzpz1p1\pPzpz1p1.csproj", "{9FE06E8A-9F72-4345-B913-6AF4078A7640}"
EndProject
Global
	GlobalSection(SolutionConfigurationPlatforms) = preSolution
		Debug|Any CPU = Debug|Any CPU
		Release|Any CPU = Release|Any CPU
	EndGlobalSection
	GlobalSection(ProjectConfigurationPlatforms) = postSolution
		{9FE06E8A-9F72-4345-B913-6AF4078A7640}.Debug|Any CPU.ActiveCfg = Debug|Any CPU
		{9FE06E8A-9F72-4345-B913-6AF4078A7640}.Debug|Any CPU.Build.0 = Debug|Any CPU
		{9FE06E8A-9F72-4345-B913-6AF4078A7640}.Release|Any CPU.ActiveCfg = Release|Any CPU
		{9FE06E8A-9F72-4345-B913-6AF4078A7640}.Release|Any CPU.Build.0 = Release|Any CPU
	EndGlobalSection
	GlobalSection(SolutionProperties) = preSolution
		HideSolutionNode = FALSE
	EndGlobalSection
	GlobalSection(ExtensibilityGlobals) = postSolution
		SolutionGuid = {593121F9-4EA3-4C86-B9A4-4B4A1ED3D624}
	EndGlobalSection
EndGlobal
